
Microsoft Visual Studio Solution File, Format Version 12.00
# Visual Studio Version 16
VisualStudioVersion = 16.0.30320.27
MinimumVisualStudioVersion = 10.0.40219.1
Project("{8BC9CEB8-8B4A-11D0-8D11-00A0C91BC942}") = "Practice05_01_InlineFunction", "Practice05_01_InlineFunction\Practice05_01_InlineFunction.vcxproj", "{22E5CED7-E1A2-4BDA-ADE4-38AFEB310F5F}"
EndProject
Project("{8BC9CEB8-8B4A-11D0-8D11-00A0C91BC942}") = "Practice05_02_Reference", "Practice05_02_Reference\Practice05_02_Reference.vcxproj", "{8B9C4F26-16A0-448D-B852-902E83420375}"
EndProject
Project("{8BC9CEB8-8B4A-11D0-8D11-00A0C91BC942}") = "Practice05_03_ClassReference", "Practice05_03_ClassReference\Practice05_03_ClassReference.vcxproj", "{8D457532-5D5D-4EDA-B1CB-C383836DD1EF}"
EndProject
Project("{8BC9CEB8-8B4A-11D0-8D11-00A0C91BC942}") = "Practice05_04_Explicit", "Practice05_04_Explicit\Practice05_04_Explicit.vcxproj", "{054B7E27-224B-4B53-B6F8-D7F07FF441EC}"
EndProject
Project("{8BC9CEB8-8B4A-11D0-8D11-00A0C91BC942}") = "Practice05_05_Cast", "Practice05_05_Cast\Practice05_05_Cast.vcxproj", "{811C8B16-1C70-4266-9327-275F90BEC4FB}"
EndProject
Global
	GlobalSection(SolutionConfigurationPlatforms) = preSolution
		Debug|x64 = Debug|x64
		Debug|x86 = Debug|x86
		Release|x64 = Release|x64
		Release|x86 = Release|x86
	EndGlobalSection
	GlobalSection(ProjectConfigurationPlatforms) = postSolution
		{22E5CED7-E1A2-4BDA-ADE4-38AFEB310F5F}.Debug|x64.ActiveCfg = Debug|x64
		{22E5CED7-E1A2-4BDA-ADE4-38AFEB310F5F}.Debug|x64.Build.0 = Debug|x64
		{22E5CED7-E1A2-4BDA-ADE4-38AFEB310F5F}.Debug|x86.ActiveCfg = Debug|Win32
		{22E5CED7-E1A2-4BDA-ADE4-38AFEB310F5F}.Debug|x86.Build.0 = Debug|Win32
		{22E5CED7-E1A2-4BDA-ADE4-38AFEB310F5F}.Release|x64.ActiveCfg = Release|x64
		{22E5CED7-E1A2-4BDA-ADE4-38AFEB310F5F}.Release|x64.Build.0 = Release|x64
		{22E5CED7-E1A2-4BDA-ADE4-38AFEB310F5F}.Release|x86.ActiveCfg = Release|Win32
		{22E5CED7-E1A2-4BDA-ADE4-38AFEB310F5F}.Release|x86.Build.0 = Release|Win32
		{8B9C4F26-16A0-448D-B852-902E83420375}.Debug|x64.ActiveCfg = Debug|x64
		{8B9C4F26-16A0-448D-B852-902E83420375}.Debug|x64.Build.0 = Debug|x64
		{8B9C4F26-16A0-448D-B852-902E83420375}.Debug|x86.ActiveCfg = Debug|Win32
		{8B9C4F26-16A0-448D-B852-902E83420375}.Debug|x86.Build.0 = Debug|Win32
		{8B9C4F26-16A0-448D-B852-902E83420375}.Release|x64.ActiveCfg = Release|x64
		{8B9C4F26-16A0-448D-B852-902E83420375}.Release|x64.Build.0 = Release|x64
		{8B9C4F26-16A0-448D-B852-902E83420375}.Release|x86.ActiveCfg = Release|Win32
		{8B9C4F26-16A0-448D-B852-902E83420375}.Release|x86.Build.0 = Release|Win32
		{8D457532-5D5D-4EDA-B1CB-C383836DD1EF}.Debug|x64.ActiveCfg = Debug|x64
		{8D457532-5D5D-4EDA-B1CB-C383836DD1EF}.Debug|x64.Build.0 = Debug|x64
		{8D457532-5D5D-4EDA-B1CB-C383836DD1EF}.Debug|x86.ActiveCfg = Debug|Win32
		{8D457532-5D5D-4EDA-B1CB-C383836DD1EF}.Debug|x86.Build.0 = Debug|Win32
		{8D457532-5D5D-4EDA-B1CB-C383836DD1EF}.Release|x64.ActiveCfg = Release|x64
		{8D457532-5D5D-4EDA-B1CB-C383836DD1EF}.Release|x64.Build.0 = Release|x64
		{8D457532-5D5D-4EDA-B1CB-C383836DD1EF}.Release|x86.ActiveCfg = Release|Win32
		{8D457532-5D5D-4EDA-B1CB-C383836DD1EF}.Release|x86.Build.0 = Release|Win32
		{054B7E27-224B-4B53-B6F8-D7F07FF441EC}.Debug|x64.ActiveCfg = Debug|x64
		{054B7E27-224B-4B53-B6F8-D7F07FF441EC}.Debug|x64.Build.0 = Debug|x64
		{054B7E27-224B-4B53-B6F8-D7F07FF441EC}.Debug|x86.ActiveCfg = Debug|Win32
		{054B7E27-224B-4B53-B6F8-D7F07FF441EC}.Debug|x86.Build.0 = Debug|Win32
		{054B7E27-224B-4B53-B6F8-D7F07FF441EC}.Release|x64.ActiveCfg = Release|x64
		{054B7E27-224B-4B53-B6F8-D7F07FF441EC}.Release|x64.Build.0 = Release|x64
		{054B7E27-224B-4B53-B6F8-D7F07FF441EC}.Release|x86.ActiveCfg = Release|Win32
		{054B7E27-224B-4B53-B6F8-D7F07FF441EC}.Release|x86.Build.0 = Release|Win32
		{811C8B16-1C70-4266-9327-275F90BEC4FB}.Debug|x64.ActiveCfg = Debug|x64
		{811C8B16-1C70-4266-9327-275F90BEC4FB}.Debug|x64.Build.0 = Debug|x64
		{811C8B16-1C70-4266-9327-275F90BEC4FB}.Debug|x86.ActiveCfg = Debug|Win32
		{811C8B16-1C70-4266-9327-275F90BEC4FB}.Debug|x86.Build.0 = Debug|Win32
		{811C8B16-1C70-4266-9327-275F90BEC4FB}.Release|x64.ActiveCfg = Release|x64
		{811C8B16-1C70-4266-9327-275F90BEC4FB}.Release|x64.Build.0 = Release|x64
		{811C8B16-1C70-4266-9327-275F90BEC4FB}.Release|x86.ActiveCfg = Release|Win32
		{811C8B16-1C70-4266-9327-275F90BEC4FB}.Release|x86.Build.0 = Release|Win32
	EndGlobalSection
	GlobalSection(SolutionProperties) = preSolution
		HideSolutionNode = FALSE
	EndGlobalSection
	GlobalSection(ExtensibilityGlobals) = postSolution
		SolutionGuid = {007F3204-012B-4560-B4D0-603AF2D5B484}
	EndGlobalSection
EndGlobal
